
Microsoft Visual Studio Solution File, Format Version 12.00
# Visual Studio 15
VisualStudioVersion = 15.0.27130.0
MinimumVisualStudioVersion = 10.0.40219.1
Project("{9A19103F-16F7-4668-BE54-9A1E7A4F7556}") = "MultiTarget.Thrzn41.Util", "MultiTarget.Thrzn41.Util\MultiTarget.Thrzn41.Util.csproj", "{6D8CAF16-261E-4DC3-8B1E-F8F6F836EFE0}"
EndProject
Project("{9A19103F-16F7-4668-BE54-9A1E7A4F7556}") = "UnitTest.DotNetCore.Thrzn41.Util", "UnitTest.DotNetCore.Thrzn41.Util\UnitTest.DotNetCore.Thrzn41.Util.csproj", "{26A3C673-060E-473F-B206-A1B3823D55E4}"
EndProject
Global
	GlobalSection(SolutionConfigurationPlatforms) = preSolution
		Debug|Any CPU = Debug|Any CPU
		Release|Any CPU = Release|Any CPU
	EndGlobalSection
	GlobalSection(ProjectConfigurationPlatforms) = postSolution
		{6D8CAF16-261E-4DC3-8B1E-F8F6F836EFE0}.Debug|Any CPU.ActiveCfg = Debug|Any CPU
		{6D8CAF16-261E-4DC3-8B1E-F8F6F836EFE0}.Debug|Any CPU.Build.0 = Debug|Any CPU
		{6D8CAF16-261E-4DC3-8B1E-F8F6F836EFE0}.Release|Any CPU.ActiveCfg = Release|Any CPU
		{6D8CAF16-261E-4DC3-8B1E-F8F6F836EFE0}.Release|Any CPU.Build.0 = Release|Any CPU
		{26A3C673-060E-473F-B206-A1B3823D55E4}.Debug|Any CPU.ActiveCfg = Debug|Any CPU
		{26A3C673-060E-473F-B206-A1B3823D55E4}.Debug|Any CPU.Build.0 = Debug|Any CPU
		{26A3C673-060E-473F-B206-A1B3823D55E4}.Release|Any CPU.ActiveCfg = Release|Any CPU
		{26A3C673-060E-473F-B206-A1B3823D55E4}.Release|Any CPU.Build.0 = Release|Any CPU
	EndGlobalSection
	GlobalSection(SolutionProperties) = preSolution
		HideSolutionNode = FALSE
	EndGlobalSection
	GlobalSection(ExtensibilityGlobals) = postSolution
		SolutionGuid = {26390D7A-0AA2-4C2C-B945-86B32F279568}
	EndGlobalSection
EndGlobal
